
Microsoft Visual Studio Solution File, Format Version 12.00
# Visual Studio 15
VisualStudioVersion = 15.0.26430.16
MinimumVisualStudioVersion = 10.0.40219.1
Project("{2150E333-8FDC-42A3-9474-1A3956D46DE8}") = "文档", "文档", "{7BFB2D8D-07C9-416D-B8E0-4B818ACEEF10}"
EndProject
Project("{2150E333-8FDC-42A3-9474-1A3956D46DE8}") = "Infrastructure", "Infrastructure", "{A46A2079-F3A2-48D1-9A32-0F7265D74CED}"
EndProject
Project("{FAE04EC0-301F-11D3-BF4B-00C04F79EFBC}") = "WorkData", "WorkData\WorkData.csproj", "{CBD062A8-56DE-468B-97C9-0E50CCD9D9A4}"
EndProject
Project("{FAE04EC0-301F-11D3-BF4B-00C04F79EFBC}") = "WorkData.Infrastructure", "WorkData.Infrastructure\WorkData.Infrastructure.csproj", "{C0B12581-CAE3-4ED0-99CF-D74249F0081F}"
EndProject
Project("{FAE04EC0-301F-11D3-BF4B-00C04F79EFBC}") = "WorkData.EntityFramework", "WorkData.EntityFramework\WorkData.EntityFramework.csproj", "{FF854601-A130-4A3B-92B5-23A6D2F76FA7}"
EndProject
Project("{2150E333-8FDC-42A3-9474-1A3956D46DE8}") = "Domain", "Domain", "{D1A7CC04-208E-4D79-8935-C97182E8EB3F}"
EndProject
Project("{FAE04EC0-301F-11D3-BF4B-00C04F79EFBC}") = "Domain.EntityFramework", "Domain.EntityFramework\Domain.EntityFramework.csproj", "{0989C51D-C295-464D-9786-EEEADB196B1F}"
EndProject
Project("{FAE04EC0-301F-11D3-BF4B-00C04F79EFBC}") = "Domain.Core", "Domain.Core\Domain.Core.csproj", "{4F844944-2AE2-41C4-B8D0-B3A9DA7D19C1}"
EndProject
Project("{FAE04EC0-301F-11D3-BF4B-00C04F79EFBC}") = "WorkData.Code", "WorkData.Code\WorkData.Code.csproj", "{0598D734-1E02-4935-8CA0-4223CC41B44E}"
EndProject
Project("{2150E333-8FDC-42A3-9474-1A3956D46DE8}") = "Application", "Application", "{B4FB405F-D4B9-4D57-98A5-12D2D46F2AE1}"
EndProject
Project("{FAE04EC0-301F-11D3-BF4B-00C04F79EFBC}") = "WorkData.Service", "WorkData.Service\WorkData.Service.csproj", "{FCE78E00-4EFD-40AB-BDED-4164CF3F3180}"
EndProject
Project("{2150E333-8FDC-42A3-9474-1A3956D46DE8}") = "UserInterface", "UserInterface", "{6BE67DCB-F9D8-4B1A-84E9-A648AB937A49}"
EndProject
Project("{FAE04EC0-301F-11D3-BF4B-00C04F79EFBC}") = "WorkData.Web", "WorkData.Web\WorkData.Web.csproj", "{94573D61-A56C-4D47-87BD-5FDAA62BE4DE}"
EndProject
Project("{FAE04EC0-301F-11D3-BF4B-00C04F79EFBC}") = "WorkData.WebApi", "WorkData.WebApi\WorkData.WebApi.csproj", "{E9C01928-259A-4B12-9726-CD2866CDA969}"
EndProject
Project("{2150E333-8FDC-42A3-9474-1A3956D46DE8}") = "Tests", "Tests", "{37569EF4-4ABA-42E7-AEE8-A82B65A1BC5C}"
EndProject
Global
	GlobalSection(SolutionConfigurationPlatforms) = preSolution
		Debug|Any CPU = Debug|Any CPU
		Release|Any CPU = Release|Any CPU
	EndGlobalSection
	GlobalSection(ProjectConfigurationPlatforms) = postSolution
		{CBD062A8-56DE-468B-97C9-0E50CCD9D9A4}.Debug|Any CPU.ActiveCfg = Debug|Any CPU
		{CBD062A8-56DE-468B-97C9-0E50CCD9D9A4}.Debug|Any CPU.Build.0 = Debug|Any CPU
		{CBD062A8-56DE-468B-97C9-0E50CCD9D9A4}.Release|Any CPU.ActiveCfg = Release|Any CPU
		{CBD062A8-56DE-468B-97C9-0E50CCD9D9A4}.Release|Any CPU.Build.0 = Release|Any CPU
		{C0B12581-CAE3-4ED0-99CF-D74249F0081F}.Debug|Any CPU.ActiveCfg = Debug|Any CPU
		{C0B12581-CAE3-4ED0-99CF-D74249F0081F}.Debug|Any CPU.Build.0 = Debug|Any CPU
		{C0B12581-CAE3-4ED0-99CF-D74249F0081F}.Release|Any CPU.ActiveCfg = Release|Any CPU
		{C0B12581-CAE3-4ED0-99CF-D74249F0081F}.Release|Any CPU.Build.0 = Release|Any CPU
		{FF854601-A130-4A3B-92B5-23A6D2F76FA7}.Debug|Any CPU.ActiveCfg = Debug|Any CPU
		{FF854601-A130-4A3B-92B5-23A6D2F76FA7}.Debug|Any CPU.Build.0 = Debug|Any CPU
		{FF854601-A130-4A3B-92B5-23A6D2F76FA7}.Release|Any CPU.ActiveCfg = Release|Any CPU
		{FF854601-A130-4A3B-92B5-23A6D2F76FA7}.Release|Any CPU.Build.0 = Release|Any CPU
		{0989C51D-C295-464D-9786-EEEADB196B1F}.Debug|Any CPU.ActiveCfg = Debug|Any CPU
		{0989C51D-C295-464D-9786-EEEADB196B1F}.Debug|Any CPU.Build.0 = Debug|Any CPU
		{0989C51D-C295-464D-9786-EEEADB196B1F}.Release|Any CPU.ActiveCfg = Release|Any CPU
		{0989C51D-C295-464D-9786-EEEADB196B1F}.Release|Any CPU.Build.0 = Release|Any CPU
		{4F844944-2AE2-41C4-B8D0-B3A9DA7D19C1}.Debug|Any CPU.ActiveCfg = Debug|Any CPU
		{4F844944-2AE2-41C4-B8D0-B3A9DA7D19C1}.Debug|Any CPU.Build.0 = Debug|Any CPU
		{4F844944-2AE2-41C4-B8D0-B3A9DA7D19C1}.Release|Any CPU.ActiveCfg = Release|Any CPU
		{4F844944-2AE2-41C4-B8D0-B3A9DA7D19C1}.Release|Any CPU.Build.0 = Release|Any CPU
		{0598D734-1E02-4935-8CA0-4223CC41B44E}.Debug|Any CPU.ActiveCfg = Debug|Any CPU
		{0598D734-1E02-4935-8CA0-4223CC41B44E}.Debug|Any CPU.Build.0 = Debug|Any CPU
		{0598D734-1E02-4935-8CA0-4223CC41B44E}.Release|Any CPU.ActiveCfg = Release|Any CPU
		{0598D734-1E02-4935-8CA0-4223CC41B44E}.Release|Any CPU.Build.0 = Release|Any CPU
		{FCE78E00-4EFD-40AB-BDED-4164CF3F3180}.Debug|Any CPU.ActiveCfg = Debug|Any CPU
		{FCE78E00-4EFD-40AB-BDED-4164CF3F3180}.Debug|Any CPU.Build.0 = Debug|Any CPU
		{FCE78E00-4EFD-40AB-BDED-4164CF3F3180}.Release|Any CPU.ActiveCfg = Release|Any CPU
		{FCE78E00-4EFD-40AB-BDED-4164CF3F3180}.Release|Any CPU.Build.0 = Release|Any CPU
		{94573D61-A56C-4D47-87BD-5FDAA62BE4DE}.Debug|Any CPU.ActiveCfg = Debug|Any CPU
		{94573D61-A56C-4D47-87BD-5FDAA62BE4DE}.Debug|Any CPU.Build.0 = Debug|Any CPU
		{94573D61-A56C-4D47-87BD-5FDAA62BE4DE}.Release|Any CPU.ActiveCfg = Release|Any CPU
		{94573D61-A56C-4D47-87BD-5FDAA62BE4DE}.Release|Any CPU.Build.0 = Release|Any CPU
		{E9C01928-259A-4B12-9726-CD2866CDA969}.Debug|Any CPU.ActiveCfg = Debug|Any CPU
		{E9C01928-259A-4B12-9726-CD2866CDA969}.Debug|Any CPU.Build.0 = Debug|Any CPU
		{E9C01928-259A-4B12-9726-CD2866CDA969}.Release|Any CPU.ActiveCfg = Release|Any CPU
		{E9C01928-259A-4B12-9726-CD2866CDA969}.Release|Any CPU.Build.0 = Release|Any CPU
	EndGlobalSection
	GlobalSection(SolutionProperties) = preSolution
		HideSolutionNode = FALSE
	EndGlobalSection
	GlobalSection(NestedProjects) = preSolution
		{CBD062A8-56DE-468B-97C9-0E50CCD9D9A4} = {A46A2079-F3A2-48D1-9A32-0F7265D74CED}
		{C0B12581-CAE3-4ED0-99CF-D74249F0081F} = {A46A2079-F3A2-48D1-9A32-0F7265D74CED}
		{FF854601-A130-4A3B-92B5-23A6D2F76FA7} = {A46A2079-F3A2-48D1-9A32-0F7265D74CED}
		{0989C51D-C295-464D-9786-EEEADB196B1F} = {D1A7CC04-208E-4D79-8935-C97182E8EB3F}
		{4F844944-2AE2-41C4-B8D0-B3A9DA7D19C1} = {D1A7CC04-208E-4D79-8935-C97182E8EB3F}
		{0598D734-1E02-4935-8CA0-4223CC41B44E} = {A46A2079-F3A2-48D1-9A32-0F7265D74CED}
		{FCE78E00-4EFD-40AB-BDED-4164CF3F3180} = {B4FB405F-D4B9-4D57-98A5-12D2D46F2AE1}
		{94573D61-A56C-4D47-87BD-5FDAA62BE4DE} = {6BE67DCB-F9D8-4B1A-84E9-A648AB937A49}
		{E9C01928-259A-4B12-9726-CD2866CDA969} = {6BE67DCB-F9D8-4B1A-84E9-A648AB937A49}
	EndGlobalSection
EndGlobal
